
Microsoft Visual Studio Solution File, Format Version 12.00
# Visual Studio Version 16
VisualStudioVersion = 16.0.30225.117
MinimumVisualStudioVersion = 10.0.40219.1
Project("{FAE04EC0-301F-11D3-BF4B-00C04F79EFBC}") = "AkijFood", "AkijFood\AkijFood.csproj", "{34440C60-F251-460B-8660-34A21C76908E}"
EndProject
Global
	GlobalSection(SolutionConfigurationPlatforms) = preSolution
		Debug|Any CPU = Debug|Any CPU
		Release|Any CPU = Release|Any CPU
	EndGlobalSection
	GlobalSection(ProjectConfigurationPlatforms) = postSolution
		{34440C60-F251-460B-8660-34A21C76908E}.Debug|Any CPU.ActiveCfg = Debug|Any CPU
		{34440C60-F251-460B-8660-34A21C76908E}.Debug|Any CPU.Build.0 = Debug|Any CPU
		{34440C60-F251-460B-8660-34A21C76908E}.Release|Any CPU.ActiveCfg = Release|Any CPU
		{34440C60-F251-460B-8660-34A21C76908E}.Release|Any CPU.Build.0 = Release|Any CPU
	EndGlobalSection
	GlobalSection(SolutionProperties) = preSolution
		HideSolutionNode = FALSE
	EndGlobalSection
	GlobalSection(ExtensibilityGlobals) = postSolution
		SolutionGuid = {487254D8-BCA4-4DD4-A83D-E009B7DD7B38}
	EndGlobalSection
EndGlobal
